<?xml version="1.0" encoding="utf-8"?>
<Project ToolsVersion="Current" xmlns="http://schemas.microsoft.com/developer/msbuild/2003">
  <ItemGroup>
    <ClCompile Include="winmain.cpp" />
  </ItemGroup>
  <ItemGroup>
    <Filter Include="ヘッダファイル">
      <UniqueIdentifier>{f56d803a-8cc5-427a-991e-242e2e4ac4b0}</UniqueIdentifier>
    </Filter>
  </ItemGroup>
  <ItemGroup>
    <ClInclude Include="tamogami.h">
      <Filter>ヘッダファイル</Filter>
    </ClInclude>
    <ClInclude Include="turuto.h">
      <Filter>ヘッダファイル</Filter>
    </ClInclude>
    <ClInclude Include="itou.h">
      <Filter>ヘッダファイル</Filter>
    </ClInclude>
  </ItemGroup>
</Project>