<?xml version="1.0" encoding="utf-8"?>
<Project ToolsVersion="4.0" xmlns="http://schemas.microsoft.com/developer/msbuild/2003">
  <ItemGroup>
    <ClCompile Include="en.cpp">
      <Filter>ソースファイル</Filter>
    </ClCompile>
    <ClCompile Include="enemy.cpp">
      <Filter>ソースファイル</Filter>
    </ClCompile>
    <ClCompile Include="player.cpp">
      <Filter>ソースファイル</Filter>
    </ClCompile>
    <ClCompile Include="shot.cpp">
      <Filter>ソースファイル</Filter>
    </ClCompile>
    <ClCompile Include="winmain.cpp">
      <Filter>ソースファイル</Filter>
    </ClCompile>
    <ClCompile Include="game.cpp">
      <Filter>ソースファイル</Filter>
    </ClCompile>
    <ClCompile Include="enemyshot.cpp">
      <Filter>ソースファイル</Filter>
    </ClCompile>
    <ClCompile Include="effect.cpp">
      <Filter>ソースファイル</Filter>
    </ClCompile>
    <ClCompile Include="bgsprite.cpp">
      <Filter>ソースファイル</Filter>
    </ClCompile>
  </ItemGroup>
  <ItemGroup>
    <ClInclude Include="en.h">
      <Filter>ヘッダファイル</Filter>
    </ClInclude>
    <ClInclude Include="enemy.h">
      <Filter>ヘッダファイル</Filter>
    </ClInclude>
    <ClInclude Include="player.h">
      <Filter>ヘッダファイル</Filter>
    </ClInclude>
    <ClInclude Include="shot.h">
      <Filter>ヘッダファイル</Filter>
    </ClInclude>
    <ClInclude Include="game.h">
      <Filter>ヘッダファイル</Filter>
    </ClInclude>
    <ClInclude Include="enemyshot.h">
      <Filter>ヘッダファイル</Filter>
    </ClInclude>
    <ClInclude Include="effect.h">
      <Filter>ヘッダファイル</Filter>
    </ClInclude>
    <ClInclude Include="bgsprite.h">
      <Filter>ヘッダファイル</Filter>
    </ClInclude>
  </ItemGroup>
  <ItemGroup>
    <Filter Include="ソースファイル">
      <UniqueIdentifier>{55ee8947-2f89-4cd5-b843-74ba7e8db87c}</UniqueIdentifier>
    </Filter>
    <Filter Include="ヘッダファイル">
      <UniqueIdentifier>{51c542fe-355c-4f5b-90fb-0628c68ce3bb}</UniqueIdentifier>
    </Filter>
  </ItemGroup>
</Project>